
Microsoft Visual Studio Solution File, Format Version 12.00
# Visual Studio 15
VisualStudioVersion = 15.0.28307.1401
MinimumVisualStudioVersion = 10.0.40219.1
Project("{8BC9CEB8-8B4A-11D0-8D11-00A0C91BC942}") = "PerformanceChecker", "PerformanceChecker\PerformanceChecker.vcxproj", "{9479B758-24A2-489A-8EBC-F88035DA757E}"
EndProject
Global
	GlobalSection(SolutionConfigurationPlatforms) = preSolution
		Debug|x64 = Debug|x64
		Debug|x86 = Debug|x86
		Release|x64 = Release|x64
		Release|x86 = Release|x86
	EndGlobalSection
	GlobalSection(ProjectConfigurationPlatforms) = postSolution
		{9479B758-24A2-489A-8EBC-F88035DA757E}.Debug|x64.ActiveCfg = Debug|x64
		{9479B758-24A2-489A-8EBC-F88035DA757E}.Debug|x64.Build.0 = Debug|x64
		{9479B758-24A2-489A-8EBC-F88035DA757E}.Debug|x86.ActiveCfg = Debug|Win32
		{9479B758-24A2-489A-8EBC-F88035DA757E}.Debug|x86.Build.0 = Debug|Win32
		{9479B758-24A2-489A-8EBC-F88035DA757E}.Release|x64.ActiveCfg = Release|x64
		{9479B758-24A2-489A-8EBC-F88035DA757E}.Release|x64.Build.0 = Release|x64
		{9479B758-24A2-489A-8EBC-F88035DA757E}.Release|x86.ActiveCfg = Release|Win32
		{9479B758-24A2-489A-8EBC-F88035DA757E}.Release|x86.Build.0 = Release|Win32
	EndGlobalSection
	GlobalSection(SolutionProperties) = preSolution
		HideSolutionNode = FALSE
	EndGlobalSection
	GlobalSection(ExtensibilityGlobals) = postSolution
		SolutionGuid = {DDE57647-8E87-40C5-A7A0-C9E5C2BB853B}
	EndGlobalSection
EndGlobal
